// !$*UTF8*$!
{
	archiveVersion = 1;
	classes = {
	};
	objectVersion = 46;
	objects = {

/* Begin PBXBuildFile section */
		D378381919E253F20074A018 /* AppDelegate.swift in Sources */ = {isa = PBXBuildFile; fileRef = D378381819E253F20074A018 /* AppDelegate.swift */; };
		D378381B19E253F20074A018 /* ViewController.swift in Sources */ = {isa = PBXBuildFile; fileRef = D378381A19E253F20074A018 /* ViewController.swift */; };
		D378381E19E253F20074A018 /* Main.storyboard in Resources */ = {isa = PBXBuildFile; fileRef = D378381C19E253F20074A018 /* Main.storyboard */; };
		D378382019E253F20074A018 /* Images.xcassets in Resources */ = {isa = PBXBuildFile; fileRef = D378381F19E253F20074A018 /* Images.xcassets */; };
		D378382319E253F20074A018 /* LaunchScreen.xib in Resources */ = {isa = PBXBuildFile; fileRef = D378382119E253F20074A018 /* LaunchScreen.xib */; };
		D378382F19E253F30074A018 /* SWTableViewLearningTests.swift in Sources */ = {isa = PBXBuildFile; fileRef = D378382E19E253F30074A018 /* SWTableViewLearningTests.swift */; };
/* End PBXBuildFile section */

/* Begin PBXContainerItemProxy section */
		D378382919E253F30074A018 /* PBXContainerItemProxy */ = {
			isa = PBXContainerItemProxy;
			containerPortal = D378380B19E253F20074A018 /* Project object */;
			proxyType = 1;
			remoteGlobalIDString = D378381219E253F20074A018;
			remoteInfo = SWTableViewLearning;
		};
/* End PBXContainerItemProxy section */

/* Begin PBXFileReference section */
		D378381319E253F20074A018 /* SWTableViewLearning.app */ = {isa = PBXFileReference; explicitFileType = wrapper.application; includeInIndex = 0; path = SWTableViewLearning.app; sourceTree = BUILT_PRODUCTS_DIR; };
		D378381719E253F20074A018 /* Info.plist */ = {isa = PBXFileReference; lastKnownFileType = text.plist.xml; path = Info.plist; sourceTree = "<group>"; };
		D378381819E253F20074A018 /* AppDelegate.swift */ = {isa = PBXFileReference; lastKnownFileType = sourcecode.swift; path = AppDelegate.swift; sourceTree = "<group>"; };
		D378381A19E253F20074A018 /* ViewController.swift */ = {isa = PBXFileReference; lastKnownFileType = sourcecode.swift; path = ViewController.swift; sourceTree = "<group>"; };
		D378381D19E253F20074A018 /* Base */ = {isa = PBXFileReference; lastKnownFileType = file.storyboard; name = Base; path = Base.lproj/Main.storyboard; sourceTree = "<group>"; };
		D378381F19E253F20074A018 /* Images.xcassets */ = {isa = PBXFileReference; lastKnownFileType = folder.assetcatalog; path = Images.xcassets; sourceTree = "<group>"; };
		D378382219E253F20074A018 /* Base */ = {isa = PBXFileReference; lastKnownFileType = file.xib; name = Base; path = Base.lproj/LaunchScreen.xib; sourceTree = "<group>"; };
		D378382819E253F30074A018 /* SWTableViewLearningTests.xctest */ = {isa = PBXFileReference; explicitFileType = wrapper.cfbundle; includeInIndex = 0; path = SWTableViewLearningTests.xctest; sourceTree = BUILT_PRODUCTS_DIR; };
		D378382D19E253F30074A018 /* Info.plist */ = {isa = PBXFileReference; lastKnownFileType = text.plist.xml; path = Info.plist; sourceTree = "<group>"; };
		D378382E19E253F30074A018 /* SWTableViewLearningTests.swift */ = {isa = PBXFileReference; lastKnownFileType = sourcecode.swift; path = SWTableViewLearningTests.swift; sourceTree = "<group>"; };
/* End PBXFileReference section */

/* Begin PBXFrameworksBuildPhase section */
		D378381019E253F20074A018 /* Frameworks */ = {
			isa = PBXFrameworksBuildPhase;
			buildActionMask = 2147483647;
			files = (
			);
			runOnlyForDeploymentPostprocessing = 0;
		};
		D378382519E253F30074A018 /* Frameworks */ = {
			isa = PBXFrameworksBuildPhase;
			buildActionMask = 2147483647;
			files = (
			);
			runOnlyForDeploymentPostprocessing = 0;
		};
/* End PBXFrameworksBuildPhase section */

/* Begin PBXGroup section */
		D378380A19E253F20074A018 = {
			isa = PBXGroup;
			children = (
				D378381519E253F20074A018 /* SWTableViewLearning */,
				D378382B19E253F30074A018 /* SWTableViewLearningTests */,
				D378381419E253F20074A018 /* Products */,
			);
			sourceTree = "<group>";
		};
		D378381419E253F20074A018 /* Products */ = {
			isa = PBXGroup;
			children = (
				D378381319E253F20074A018 /* SWTableViewLearning.app */,
				D378382819E253F30074A018 /* SWTableViewLearningTests.xctest */,
			);
			name = Products;
			sourceTree = "<group>";
		};
		D378381519E253F20074A018 /* SWTableViewLearning */ = {
			isa = PBXGroup;
			children = (
				D378381819E253F20074A018 /* AppDelegate.swift */,
				D378381A19E253F20074A018 /* ViewController.swift */,
				D378381C19E253F20074A018 /* Main.storyboard */,
				D378381F19E253F20074A018 /* Images.xcassets */,
				D378382119E253F20074A018 /* LaunchScreen.xib */,
				D378381619E253F20074A018 /* Supporting Files */,
			);
			path = SWTableViewLearning;
			sourceTree = "<group>";
		};
		D378381619E253F20074A018 /* Supporting Files */ = {
			isa = PBXGroup;
			children = (
				D378381719E253F20074A018 /* Info.plist */,
			);
			name = "Supporting Files";
			sourceTree = "<group>";
		};
		D378382B19E253F30074A018 /* SWTableViewLearningTests */ = {
			isa = PBXGroup;
			children = (
				D378382E19E253F30074A018 /* SWTableViewLearningTests.swift */,
				D378382C19E253F30074A018 /* Supporting Files */,
			);
			path = SWTableViewLearningTests;
			sourceTree = "<group>";
		};
		D378382C19E253F30074A018 /* Supporting Files */ = {
			isa = PBXGroup;
			children = (
				D378382D19E253F30074A018 /* Info.plist */,
			);
			name = "Supporting Files";
			sourceTree = "<group>";
		};
/* End PBXGroup section */

/* Begin PBXNativeTarget section */
		D378381219E253F20074A018 /* SWTableViewLearning */ = {
			isa = PBXNativeTarget;
			buildConfigurationList = D378383219E253F30074A018 /* Build configuration list for PBXNativeTarget "SWTableViewLearning" */;
			buildPhases = (
				D378380F19E253F20074A018 /* Sources */,
				D378381019E253F20074A018 /* Frameworks */,
				D378381119E253F20074A018 /* Resources */,
			);
			buildRules = (
			);
			dependencies = (
			);
			name = SWTableViewLearning;
			productName = SWTableViewLearning;
			productReference = D378381319E253F20074A018 /* SWTableViewLearning.app */;
			productType = "com.apple.product-type.application";
		};
		D378382719E253F30074A018 /* SWTableViewLearningTests */ = {
			isa = PBXNativeTarget;
			buildConfigurationList = D378383519E253F30074A018 /* Build configuration list for PBXNativeTarget "SWTableViewLearningTests" */;
			buildPhases = (
				D378382419E253F30074A018 /* Sources */,
				D378382519E253F30074A018 /* Frameworks */,
				D378382619E253F30074A018 /* Resources */,
			);
			buildRules = (
			);
			dependencies = (
				D378382A19E253F30074A018 /* PBXTargetDependency */,
			);
			name = SWTableViewLearningTests;
			productName = SWTableViewLearningTests;
			productReference = D378382819E253F30074A018 /* SWTableViewLearningTests.xctest */;
			productType = "com.apple.product-type.bundle.unit-test";
		};
/* End PBXNativeTarget section */

/* Begin PBXProject section */
		D378380B19E253F20074A018 /* Project object */ = {
			isa = PBXProject;
			attributes = {
				LastUpgradeCheck = 0600;
				ORGANIZATIONNAME = thanawat.s;
				TargetAttributes = {
					D378381219E253F20074A018 = {
						CreatedOnToolsVersion = 6.0.1;
					};
					D378382719E253F30074A018 = {
						CreatedOnToolsVersion = 6.0.1;
						TestTargetID = D378381219E253F20074A018;
					};
				};
			};
			buildConfigurationList = D378380E19E253F20074A018 /* Build configuration list for PBXProject "SWTableViewLearning" */;
			compatibilityVersion = "Xcode 3.2";
			developmentRegion = English;
			hasScannedForEncodings = 0;
			knownRegions = (
				en,
				Base,
			);
			mainGroup = D378380A19E253F20074A018;
			productRefGroup = D378381419E253F20074A018 /* Products */;
			projectDirPath = "";
			projectRoot = "";
			targets = (
				D378381219E253F20074A018 /* SWTableViewLearning */,
				D378382719E253F30074A018 /* SWTableViewLearningTests */,
			);
		};
/* End PBXProject section */

/* Begin PBXResourcesBuildPhase section */
		D378381119E253F20074A018 /* Resources */ = {
			isa = PBXResourcesBuildPhase;
			buildActionMask = 2147483647;
			files = (
				D378381E19E253F20074A018 /* Main.storyboard in Resources */,
				D378382319E253F20074A018 /* LaunchScreen.xib in Resources */,
				D378382019E253F20074A018 /* Images.xcassets in Resources */,
			);
			runOnlyForDeploymentPostprocessing = 0;
		};
		D378382619E253F30074A018 /* Resources */ = {
			isa = PBXResourcesBuildPhase;
			buildActionMask = 2147483647;
			files = (
			);
			runOnlyForDeploymentPostprocessing = 0;
		};
/* End PBXResourcesBuildPhase section */

/* Begin PBXSourcesBuildPhase section */
		D378380F19E253F20074A018 /* Sources */ = {
			isa = PBXSourcesBuildPhase;
			buildActionMask = 2147483647;
			files = (
				D378381B19E253F20074A018 /* ViewController.swift in Sources */,
				D378381919E253F20074A018 /* AppDelegate.swift in Sources */,
			);
			runOnlyForDeploymentPostprocessing = 0;
		};
		D378382419E253F30074A018 /* Sources */ = {
			isa = PBXSourcesBuildPhase;
			buildActionMask = 2147483647;
			files = (
				D378382F19E253F30074A018 /* SWTableViewLearningTests.swift in Sources */,
			);
			runOnlyForDeploymentPostprocessing = 0;
		};
/* End PBXSourcesBuildPhase section */

/* Begin PBXTargetDependency section */
		D378382A19E253F30074A018 /* PBXTargetDependency */ = {
			isa = PBXTargetDependency;
			target = D378381219E253F20074A018 /* SWTableViewLearning */;
			targetProxy = D378382919E253F30074A018 /* PBXContainerItemProxy */;
		};
/* End PBXTargetDependency section */

/* Begin PBXVariantGroup section */
		D378381C19E253F20074A018 /* Main.storyboard */ = {
			isa = PBXVariantGroup;
			children = (
				D378381D19E253F20074A018 /* Base */,
			);
			name = Main.storyboard;
			sourceTree = "<group>";
		};
		D378382119E253F20074A018 /* LaunchScreen.xib */ = {
			isa = PBXVariantGroup;
			children = (
				D378382219E253F20074A018 /* Base */,
			);
			name = LaunchScreen.xib;
			sourceTree = "<group>";
		};
/* End PBXVariantGroup section */

/* Begin XCBuildConfiguration section */
		D378383019E253F30074A018 /* Debug */ = {
			isa = XCBuildConfiguration;
			buildSettings = {
				ALWAYS_SEARCH_USER_PATHS = NO;
				CLANG_CXX_LANGUAGE_STANDARD = "gnu++0x";
				CLANG_CXX_LIBRARY = "libc++";
				CLANG_ENABLE_MODULES = YES;
				CLANG_ENABLE_OBJC_ARC = YES;
				CLANG_WARN_BOOL_CONVERSION = YES;
				CLANG_WARN_CONSTANT_CONVERSION = YES;
				CLANG_WARN_DIRECT_OBJC_ISA_USAGE = YES_ERROR;
				CLANG_WARN_EMPTY_BODY = YES;
				CLANG_WARN_ENUM_CONVERSION = YES;
				CLANG_WARN_INT_CONVERSION = YES;
				CLANG_WARN_OBJC_ROOT_CLASS = YES_ERROR;
				CLANG_WARN_UNREACHABLE_CODE = YES;
				CLANG_WARN__DUPLICATE_METHOD_MATCH = YES;
				"CODE_SIGN_IDENTITY[sdk=iphoneos*]" = "iPhone Developer";
				COPY_PHASE_STRIP = NO;
				ENABLE_STRICT_OBJC_MSGSEND = YES;
				GCC_C_LANGUAGE_STANDARD = gnu99;
				GCC_DYNAMIC_NO_PIC = NO;
				GCC_OPTIMIZATION_LEVEL = 0;
				GCC_PREPROCESSOR_DEFINITIONS = (
					"DEBUG=1",
					"$(inherited)",
				);
				GCC_SYMBOLS_PRIVATE_EXTERN = NO;
				GCC_WARN_64_TO_32_BIT_CONVERSION = YES;
				GCC_WARN_ABOUT_RETURN_TYPE = YES_ERROR;
				GCC_WARN_UNDECLARED_SELECTOR = YES;
				GCC_WARN_UNINITIALIZED_AUTOS = YES_AGGRESSIVE;
				GCC_WARN_UNUSED_FUNCTION = YES;
				GCC_WARN_UNUSED_VARIABLE = YES;
				IPHONEOS_DEPLOYMENT_TARGET = 8.0;
				MTL_ENABLE_DEBUG_INFO = YES;
				ONLY_ACTIVE_ARCH = YES;
				SDKROOT = iphoneos;
				SWIFT_OPTIMIZATION_LEVEL = "-Onone";
			};
			name = Debug;
		};
		D378383119E253F30074A018 /* Release */ = {
			isa = XCBuildConfiguration;
			buildSettings = {
				ALWAYS_SEARCH_USER_PATHS = NO;
				CLANG_CXX_LANGUAGE_STANDARD = "gnu++0x";
				CLANG_CXX_LIBRARY = "libc++";
				CLANG_ENABLE_MODULES = YES;
				CLANG_ENABLE_OBJC_ARC = YES;
				CLANG_WARN_BOOL_CONVERSION = YES;
				CLANG_WARN_CONSTANT_CONVERSION = YES;
				CLANG_WARN_DIRECT_OBJC_ISA_USAGE = YES_ERROR;
				CLANG_WARN_EMPTY_BODY = YES;
				CLANG_WARN_ENUM_CONVERSION = YES;
				CLANG_WARN_INT_CONVERSION = YES;
				CLANG_WARN_OBJC_ROOT_CLASS = YES_ERROR;
				CLANG_WARN_UNREACHABLE_CODE = YES;
				CLANG_WARN__DUPLICATE_METHOD_MATCH = YES;
				"CODE_SIGN_IDENTITY[sdk=iphoneos*]" = "iPhone Developer";
				COPY_PHASE_STRIP = YES;
				ENABLE_NS_ASSERTIONS = NO;
				ENABLE_STRICT_OBJC_MSGSEND = YES;
				GCC_C_LANGUAGE_STANDARD = gnu99;
				GCC_WARN_64_TO_32_BIT_CONVERSION = YES;
				GCC_WARN_ABOUT_RETURN_TYPE = YES_ERROR;
				GCC_WARN_UNDECLARED_SELECTOR = YES;
				GCC_WARN_UNINITIALIZED_AUTOS = YES_AGGRESSIVE;
				GCC_WARN_UNUSED_FUNCTION = YES;
				GCC_WARN_UNUSED_VARIABLE = YES;
				IPHONEOS_DEPLOYMENT_TARGET = 8.0;
				MTL_ENABLE_DEBUG_INFO = NO;
				SDKROOT = iphoneos;
				VALIDATE_PRODUCT = YES;
			};
			name = Release;
		};
		D378383319E253F30074A018 /* Debug */ = {
			isa = XCBuildConfiguration;
			buildSettings = {
				ASSETCATALOG_COMPILER_APPICON_NAME = AppIcon;
				INFOPLIST_FILE = SWTableViewLearning/Info.plist;
				LD_RUNPATH_SEARCH_PATHS = "$(inherited) @executable_path/Frameworks";
				PRODUCT_NAME = "$(TARGET_NAME)";
			};
			name = Debug;
		};
		D378383419E253F30074A018 /* Release */ = {
			isa = XCBuildConfiguration;
			buildSettings = {
				ASSETCATALOG_COMPILER_APPICON_NAME = AppIcon;
				INFOPLIST_FILE = SWTableViewLearning/Info.plist;
				LD_RUNPATH_SEARCH_PATHS = "$(inherited) @executable_path/Frameworks";
				PRODUCT_NAME = "$(TARGET_NAME)";
			};
			name = Release;
		};
		D378383619E253F30074A018 /* Debug */ = {
			isa = XCBuildConfiguration;
			buildSettings = {
				BUNDLE_LOADER = "$(TEST_HOST)";
				FRAMEWORK_SEARCH_PATHS = (
					"$(SDKROOT)/Developer/Library/Frameworks",
					"$(inherited)",
				);
				GCC_PREPROCESSOR_DEFINITIONS = (
					"DEBUG=1",
					"$(inherited)",
				);
				INFOPLIST_FILE = SWTableViewLearningTests/Info.plist;
				LD_RUNPATH_SEARCH_PATHS = "$(inherited) @executable_path/Frameworks @loader_path/Frameworks";
				PRODUCT_NAME = "$(TARGET_NAME)";
				TEST_HOST = "$(BUILT_PRODUCTS_DIR)/SWTableViewLearning.app/SWTableViewLearning";
			};
			name = Debug;
		};
		D378383719E253F30074A018 /* Release */ = {
			isa = XCBuildConfiguration;
			buildSettings = {
				BUNDLE_LOADER = "$(TEST_HOST)";
				FRAMEWORK_SEARCH_PATHS = (
					"$(SDKROOT)/Developer/Library/Frameworks",
					"$(inherited)",
				);
				INFOPLIST_FILE = SWTableViewLearningTests/Info.plist;
				LD_RUNPATH_SEARCH_PATHS = "$(inherited) @executable_path/Frameworks @loader_path/Frameworks";
				PRODUCT_NAME = "$(TARGET_NAME)";
				TEST_HOST = "$(BUILT_PRODUCTS_DIR)/SWTableViewLearning.app/SWTableViewLearning";
			};
			name = Release;
		};
/* End XCBuildConfiguration section */

/* Begin XCConfigurationList section */
		D378380E19E253F20074A018 /* Build configuration list for PBXProject "SWTableViewLearning" */ = {
			isa = XCConfigurationList;
			buildConfigurations = (
				D378383019E253F30074A018 /* Debug */,
				D378383119E253F30074A018 /* Release */,
			);
			defaultConfigurationIsVisible = 0;
			defaultConfigurationName = Release;
		};
		D378383219E253F30074A018 /* Build configuration list for PBXNativeTarget "SWTableViewLearning" */ = {
			isa = XCConfigurationList;
			buildConfigurations = (
				D378383319E253F30074A018 /* Debug */,
				D378383419E253F30074A018 /* Release */,
			);
			defaultConfigurationIsVisible = 0;
		};
		D378383519E253F30074A018 /* Build configuration list for PBXNativeTarget "SWTableViewLearningTests" */ = {
			isa = XCConfigurationList;
			buildConfigurations = (
				D378383619E253F30074A018 /* Debug */,
				D378383719E253F30074A018 /* Release */,
			);
			defaultConfigurationIsVisible = 0;
		};
/* End XCConfigurationList section */
	};
	rootObject = D378380B19E253F20074A018 /* Project object */;
}
